
Microsoft Visual Studio Solution File, Format Version 12.00
# Visual Studio Version 17
VisualStudioVersion = 17.0.31710.8
MinimumVisualStudioVersion = 10.0.40219.1
Project("{D954291E-2A0B-460D-934E-DC6B0785DB48}") = "NibbleCore", "NibbleCore\NibbleCore.shproj", "{53C00CB6-A20B-47AE-93DB-82A187F0D3CD}"
EndProject
Project("{9A19103F-16F7-4668-BE54-9A1E7A4F7556}") = "NibbleEditor", "NibbleEditor\NibbleEditor.csproj", "{1B7CCCC6-CCA6-4E87-B3C8-2B07DC6863B6}"
	ProjectSection(ProjectDependencies) = postProject
		{15C6FC13-8166-4B74-AED0-5F654BEB26F6} = {15C6FC13-8166-4B74-AED0-5F654BEB26F6}
		{33FBA2C8-948E-423F-B1AE-F54321DDCA1D} = {33FBA2C8-948E-423F-B1AE-F54321DDCA1D}
	EndProjectSection
EndProject
Project("{9A19103F-16F7-4668-BE54-9A1E7A4F7556}") = "NibbleTextureViewer", "NibbleTextureViewer\NibbleTextureViewer.csproj", "{D01A052E-DDAF-4895-8D16-545863C2C781}"
EndProject
Project("{9A19103F-16F7-4668-BE54-9A1E7A4F7556}") = "ViewerUnitTests", "ViewerUnitTests\ViewerUnitTests.csproj", "{4F7BDFC7-B030-4F1C-BCDA-CD9A61EF468A}"
EndProject
Project("{9A19103F-16F7-4668-BE54-9A1E7A4F7556}") = "NibbleNMSPlugin", "NMSPlugin\NibbleNMSPlugin.csproj", "{15C6FC13-8166-4B74-AED0-5F654BEB26F6}"
EndProject
Project("{9A19103F-16F7-4668-BE54-9A1E7A4F7556}") = "NibbleAssimpPlugin", "NibbleAssimpPlugin\NibbleAssimpPlugin.csproj", "{D0D5D3D7-F2BE-4286-8D96-BBF69E2C76FA}"
EndProject
Project("{9A19103F-16F7-4668-BE54-9A1E7A4F7556}") = "NibbleOBJPlugin", "NibbleOBJPlugin\NibbleOBJPlugin.csproj", "{33FBA2C8-948E-423F-B1AE-F54321DDCA1D}"
EndProject
Project("{9A19103F-16F7-4668-BE54-9A1E7A4F7556}") = "NibbleDLL", "NibbleDLL\NibbleDLL.csproj", "{3E7B07A5-B4BD-47BC-8FE0-645D3708627D}"
EndProject
Global
	GlobalSection(SharedMSBuildProjectFiles) = preSolution
		NibbleCore\NibbleCore.projitems*{3e7b07a5-b4bd-47bc-8fe0-645d3708627d}*SharedItemsImports = 5
		NibbleCore\NibbleCore.projitems*{53c00cb6-a20b-47ae-93db-82a187f0d3cd}*SharedItemsImports = 13
	EndGlobalSection
	GlobalSection(SolutionConfigurationPlatforms) = preSolution
		Debug|Any CPU = Debug|Any CPU
		OpenGL_DEBUG|Any CPU = OpenGL_DEBUG|Any CPU
		Release|Any CPU = Release|Any CPU
	EndGlobalSection
	GlobalSection(ProjectConfigurationPlatforms) = postSolution
		{1B7CCCC6-CCA6-4E87-B3C8-2B07DC6863B6}.Debug|Any CPU.ActiveCfg = OpenGL_DEBUG|Any CPU
		{1B7CCCC6-CCA6-4E87-B3C8-2B07DC6863B6}.Debug|Any CPU.Build.0 = OpenGL_DEBUG|Any CPU
		{1B7CCCC6-CCA6-4E87-B3C8-2B07DC6863B6}.OpenGL_DEBUG|Any CPU.ActiveCfg = OpenGL_DEBUG|Any CPU
		{1B7CCCC6-CCA6-4E87-B3C8-2B07DC6863B6}.OpenGL_DEBUG|Any CPU.Build.0 = OpenGL_DEBUG|Any CPU
		{1B7CCCC6-CCA6-4E87-B3C8-2B07DC6863B6}.Release|Any CPU.ActiveCfg = Release|Any CPU
		{1B7CCCC6-CCA6-4E87-B3C8-2B07DC6863B6}.Release|Any CPU.Build.0 = Release|Any CPU
		{D01A052E-DDAF-4895-8D16-545863C2C781}.Debug|Any CPU.ActiveCfg = Debug|Any CPU
		{D01A052E-DDAF-4895-8D16-545863C2C781}.Debug|Any CPU.Build.0 = Debug|Any CPU
		{D01A052E-DDAF-4895-8D16-545863C2C781}.OpenGL_DEBUG|Any CPU.ActiveCfg = OpenGL_DEBUG|Any CPU
		{D01A052E-DDAF-4895-8D16-545863C2C781}.OpenGL_DEBUG|Any CPU.Build.0 = OpenGL_DEBUG|Any CPU
		{D01A052E-DDAF-4895-8D16-545863C2C781}.Release|Any CPU.ActiveCfg = Release|Any CPU
		{D01A052E-DDAF-4895-8D16-545863C2C781}.Release|Any CPU.Build.0 = Release|Any CPU
		{4F7BDFC7-B030-4F1C-BCDA-CD9A61EF468A}.Debug|Any CPU.ActiveCfg = Debug|Any CPU
		{4F7BDFC7-B030-4F1C-BCDA-CD9A61EF468A}.Debug|Any CPU.Build.0 = Debug|Any CPU
		{4F7BDFC7-B030-4F1C-BCDA-CD9A61EF468A}.OpenGL_DEBUG|Any CPU.ActiveCfg = Release|Any CPU
		{4F7BDFC7-B030-4F1C-BCDA-CD9A61EF468A}.Release|Any CPU.ActiveCfg = Release|Any CPU
		{4F7BDFC7-B030-4F1C-BCDA-CD9A61EF468A}.Release|Any CPU.Build.0 = Release|Any CPU
		{15C6FC13-8166-4B74-AED0-5F654BEB26F6}.Debug|Any CPU.ActiveCfg = Debug|Any CPU
		{15C6FC13-8166-4B74-AED0-5F654BEB26F6}.Debug|Any CPU.Build.0 = Debug|Any CPU
		{15C6FC13-8166-4B74-AED0-5F654BEB26F6}.OpenGL_DEBUG|Any CPU.ActiveCfg = Release|Any CPU
		{15C6FC13-8166-4B74-AED0-5F654BEB26F6}.OpenGL_DEBUG|Any CPU.Build.0 = Release|Any CPU
		{15C6FC13-8166-4B74-AED0-5F654BEB26F6}.Release|Any CPU.ActiveCfg = Release|Any CPU
		{15C6FC13-8166-4B74-AED0-5F654BEB26F6}.Release|Any CPU.Build.0 = Release|Any CPU
		{D0D5D3D7-F2BE-4286-8D96-BBF69E2C76FA}.Debug|Any CPU.ActiveCfg = Debug|Any CPU
		{D0D5D3D7-F2BE-4286-8D96-BBF69E2C76FA}.Debug|Any CPU.Build.0 = Debug|Any CPU
		{D0D5D3D7-F2BE-4286-8D96-BBF69E2C76FA}.OpenGL_DEBUG|Any CPU.ActiveCfg = Release|Any CPU
		{D0D5D3D7-F2BE-4286-8D96-BBF69E2C76FA}.Release|Any CPU.ActiveCfg = Release|Any CPU
		{D0D5D3D7-F2BE-4286-8D96-BBF69E2C76FA}.Release|Any CPU.Build.0 = Release|Any CPU
		{33FBA2C8-948E-423F-B1AE-F54321DDCA1D}.Debug|Any CPU.ActiveCfg = Debug|Any CPU
		{33FBA2C8-948E-423F-B1AE-F54321DDCA1D}.Debug|Any CPU.Build.0 = Debug|Any CPU
		{33FBA2C8-948E-423F-B1AE-F54321DDCA1D}.OpenGL_DEBUG|Any CPU.ActiveCfg = Release|Any CPU
		{33FBA2C8-948E-423F-B1AE-F54321DDCA1D}.OpenGL_DEBUG|Any CPU.Build.0 = Release|Any CPU
		{33FBA2C8-948E-423F-B1AE-F54321DDCA1D}.Release|Any CPU.ActiveCfg = Release|Any CPU
		{33FBA2C8-948E-423F-B1AE-F54321DDCA1D}.Release|Any CPU.Build.0 = Release|Any CPU
		{3E7B07A5-B4BD-47BC-8FE0-645D3708627D}.Debug|Any CPU.ActiveCfg = OpenGL_DEBUG|Any CPU
		{3E7B07A5-B4BD-47BC-8FE0-645D3708627D}.Debug|Any CPU.Build.0 = OpenGL_DEBUG|Any CPU
		{3E7B07A5-B4BD-47BC-8FE0-645D3708627D}.OpenGL_DEBUG|Any CPU.ActiveCfg = OpenGL_DEBUG|Any CPU
		{3E7B07A5-B4BD-47BC-8FE0-645D3708627D}.OpenGL_DEBUG|Any CPU.Build.0 = OpenGL_DEBUG|Any CPU
		{3E7B07A5-B4BD-47BC-8FE0-645D3708627D}.Release|Any CPU.ActiveCfg = Release|Any CPU
		{3E7B07A5-B4BD-47BC-8FE0-645D3708627D}.Release|Any CPU.Build.0 = Release|Any CPU
	EndGlobalSection
	GlobalSection(SolutionProperties) = preSolution
		HideSolutionNode = FALSE
	EndGlobalSection
	GlobalSection(ExtensibilityGlobals) = postSolution
		SolutionGuid = {8BBEF99E-39F7-4C58-A631-4A09744EBB0A}
	EndGlobalSection
EndGlobal
